version = 1
revision = 3
requires-python = "==3.9.*"

[[package]]
name = "certifi"
version = "2026.4.22"
source = { registry = "https://pypi.org/simple" }
sdist = { url = "https://files.pythonhosted.org/packages/25/ee/6caf7a40c36a1220410afe15a1cc64993a1f864871f698c0f93acb72842a/certifi-2026.4.22.tar.gz", hash = "sha256:8d455352a37b71bf76a79caa83a3d6c25afee4a385d632127b6afb3963f1c580", size = 137077, upload-time = "2026-04-22T11:26:11.191Z" }
wheels = [
    { url = "https://files.pythonhosted.org/packages/22/30/7cd8fdcdfbc5b869528b079bfb76dcdf6056b1a2097a662e5e8c04f42965/certifi-2026.4.22-py3-none-any.whl", hash = "sha256:3cb2210c8f88ba2318d29b0388d1023c8492ff72ecdde4ebdaddbb13a31b1c4a", size = 135707, upload-time = "2026-04-22T11:26:09.372Z" },
]

[[package]]
name = "cffi"
version = "2.0.0"
source = { registry = "https://pypi.org/simple" }
dependencies = [
    { name = "pycparser", marker = "implementation_name != 'PyPy'" },
]
sdist = { url = "https://files.pythonhosted.org/packages/eb/56/b1ba7935a17738ae8453301356628e8147c79dbb825bcbc73dc7401f9846/cffi-2.0.0.tar.gz", hash = "sha256:44d1b5909021139fe36001ae048dbdde8214afa20200eda0f64c068cac5d5529", size = 523588, upload-time = "2025-09-08T23:24:04.541Z" }
wheels = [
    { url = "https://files.pythonhosted.org/packages/c0/cc/08ed5a43f2996a16b462f64a7055c6e962803534924b9b2f1371d8c00b7b/cffi-2.0.0-cp39-cp39-macosx_10_13_x86_64.whl", hash = "sha256:fe562eb1a64e67dd297ccc4f5addea2501664954f2692b69a76449ec7913ecbf", size = 184288, upload-time = "2025-09-08T23:23:48.404Z" },
    { url = "https://files.pythonhosted.org/packages/3d/de/38d9726324e127f727b4ecc376bc85e505bfe61ef130eaf3f290c6847dd4/cffi-2.0.0-cp39-cp39-macosx_11_0_arm64.whl", hash = "sha256:de8dad4425a6ca6e4e5e297b27b5c824ecc7581910bf9aee86cb6835e6812aa7", size = 180509, upload-time = "2025-09-08T23:23:49.73Z" },
    { url = "https://files.pythonhosted.org/packages/9b/13/c92e36358fbcc39cf0962e83223c9522154ee8630e1df7c0b3a39a8124e2/cffi-2.0.0-cp39-cp39-manylinux1_i686.manylinux2014_i686.manylinux_2_17_i686.manylinux_2_5_i686.whl", hash = "sha256:4647afc2f90d1ddd33441e5b0e85b16b12ddec4fca55f0d9671fef036ecca27c", size = 208813, upload-time = "2025-09-08T23:23:51.263Z" },
    { url = "https://files.pythonhosted.org/packages/15/12/a7a79bd0df4c3bff744b2d7e52cc1b68d5e7e427b384252c42366dc1ecbc/cffi-2.0.0-cp39-cp39-manylinux2014_aarch64.manylinux_2_17_aarch64.whl", hash = "sha256:3f4d46d8b35698056ec29bca21546e1551a205058ae1a181d871e278b0b28165", size = 216498, upload-time = "2025-09-08T23:23:52.494Z" },
    { url = "https://files.pythonhosted.org/packages/a3/ad/5c51c1c7600bdd7ed9a24a203ec255dccdd0ebf4527f7b922a0bde2fb6ed/cffi-2.0.0-cp39-cp39-manylinux2014_ppc64le.manylinux_2_17_ppc64le.whl", hash = "sha256:e6e73b9e02893c764e7e8d5bb5ce277f1a009cd5243f8228f75f842bf937c534", size = 203243, upload-time = "2025-09-08T23:23:53.836Z" },
    { url = "https://files.pythonhosted.org/packages/32/f2/81b63e288295928739d715d00952c8c6034cb6c6a516b17d37e0c8be5600/cffi-2.0.0-cp39-cp39-manylinux2014_s390x.manylinux_2_17_s390x.whl", hash = "sha256:cb527a79772e5ef98fb1d700678fe031e353e765d1ca2d409c92263c6d43e09f", size = 203158, upload-time = "2025-09-08T23:23:55.169Z" },
    { url = "https://files.pythonhosted.org/packages/1f/74/cc4096ce66f5939042ae094e2e96f53426a979864aa1f96a621ad128be27/cffi-2.0.0-cp39-cp39-manylinux2014_x86_64.manylinux_2_17_x86_64.whl", hash = "sha256:61d028e90346df14fedc3d1e5441df818d095f3b87d286825dfcbd6459b7ef63", size = 216548, upload-time = "2025-09-08T23:23:56.506Z" },
    { url = "https://files.pythonhosted.org/packages/e8/be/f6424d1dc46b1091ffcc8964fa7c0ab0cd36839dd2761b49c90481a6ba1b/cffi-2.0.0-cp39-cp39-musllinux_1_2_aarch64.whl", hash = "sha256:0f6084a0ea23d05d20c3edcda20c3d006f9b6f3fefeac38f59262e10cef47ee2", size = 218897, upload-time = "2025-09-08T23:23:57.825Z" },
    { url = "https://files.pythonhosted.org/packages/f7/e0/dda537c2309817edf60109e39265f24f24aa7f050767e22c98c53fe7f48b/cffi-2.0.0-cp39-cp39-musllinux_1_2_i686.whl", hash = "sha256:1cd13c99ce269b3ed80b417dcd591415d3372bcac067009b6e0f59c7d4015e65", size = 211249, upload-time = "2025-09-08T23:23:59.139Z" },
    { url = "https://files.pythonhosted.org/packages/2b/e7/7c769804eb75e4c4b35e658dba01de1640a351a9653c3d49ca89d16ccc91/cffi-2.0.0-cp39-cp39-musllinux_1_2_x86_64.whl", hash = "sha256:89472c9762729b5ae1ad974b777416bfda4ac5642423fa93bd57a09204712322", size = 218041, upload-time = "2025-09-08T23:24:00.496Z" },
    { url = "https://files.pythonhosted.org/packages/aa/d9/6218d78f920dcd7507fc16a766b5ef8f3b913cc7aa938e7fc80b9978d089/cffi-2.0.0-cp39-cp39-win32.whl", hash = "sha256:2081580ebb843f759b9f617314a24ed5738c51d2aee65d31e02f6f7a2b97707a", size = 172138, upload-time = "2025-09-08T23:24:01.7Z" },
    { url = "https://files.pythonhosted.org/packages/54/8f/a1e836f82d8e32a97e6b29cc8f641779181ac7363734f12df27db803ebda/cffi-2.0.0-cp39-cp39-win_amd64.whl", hash = "sha256:b882b3df248017dba09d6b16defe9b5c407fe32fc7c65a9c69798e6175601be9", size = 182794, upload-time = "2025-09-08T23:24:02.943Z" },
]

[[package]]
name = "charset-normalizer"
version = "3.4.7"
source = { registry = "https://pypi.org/simple" }
sdist = { url = "https://files.pythonhosted.org/packages/e7/a1/67fe25fac3c7642725500a3f6cfe5821ad557c3abb11c9d20d12c7008d3e/charset_normalizer-3.4.7.tar.gz", hash = "sha256:ae89db9e5f98a11a4bf50407d4363e7b09b31e55bc117b4f7d80aab97ba009e5", size = 144271, upload-time = "2026-04-02T09:28:39.342Z" }
wheels = [
    { url = "https://files.pythonhosted.org/packages/01/1b/ef725f8eb19b5a261b30f78efa9252ef9d017985cb499102f6f49834cd12/charset_normalizer-3.4.7-cp39-cp39-macosx_10_9_universal2.whl", hash = "sha256:177a0ba5f0211d488e295aaf82707237e331c24788d8d76c96c5a41594723217", size = 299121, upload-time = "2026-04-02T09:28:14.372Z" },
    { url = "https://files.pythonhosted.org/packages/a3/22/2f12878fbc680fbbb52386cd39a379801f62eaca74fc8b323381325f0f04/charset_normalizer-3.4.7-cp39-cp39-manylinux2014_aarch64.manylinux_2_17_aarch64.manylinux_2_28_aarch64.whl", hash = "sha256:6e0d51f618228538a3e8f46bd246f87a6cd030565e015803691603f55e12afb5", size = 200612, upload-time = "2026-04-02T09:28:16.162Z" },
    { url = "https://files.pythonhosted.org/packages/bc/b6/10c84e789126ca97d4a7228863a30481e786980a8b8cfcbf4f30658ca63c/charset_normalizer-3.4.7-cp39-cp39-manylinux2014_ppc64le.manylinux_2_17_ppc64le.manylinux_2_28_ppc64le.whl", hash = "sha256:14265bfe1f09498b9d8ec91e9ec9fa52775edf90fcbde092b25f4a33d444fea9", size = 221041, upload-time = "2026-04-02T09:28:17.554Z" },
    { url = "https://files.pythonhosted.org/packages/21/7b/c414866a138400b2e81973d006da7f694cfeaf895ef07d2cba9a8743841a/charset_normalizer-3.4.7-cp39-cp39-manylinux2014_s390x.manylinux_2_17_s390x.manylinux_2_28_s390x.whl", hash = "sha256:87fad7d9ba98c86bcb41b2dc8dbb326619be2562af1f8ff50776a39e55721c5a", size = 216323, upload-time = "2026-04-02T09:28:18.863Z" },
    { url = "https://files.pythonhosted.org/packages/2e/92/bdcf94997e06b223d826df3abed45a5ad6e17f609b7df9d25cd23b5bde30/charset_normalizer-3.4.7-cp39-cp39-manylinux2014_x86_64.manylinux_2_17_x86_64.manylinux_2_28_x86_64.whl", hash = "sha256:f22dec1690b584cea26fade98b2435c132c1b5f68e39f5a0b7627cd7ae31f1dc", size = 208419, upload-time = "2026-04-02T09:28:20.332Z" },
    { url = "https://files.pythonhosted.org/packages/1a/64/3f9142293c88b1b10e199649ed1330f070c2a68e305335a5819fa7f25fa7/charset_normalizer-3.4.7-cp39-cp39-manylinux_2_31_armv7l.whl", hash = "sha256:d61f00a0869d77422d9b2aba989e2d24afa6ffd552af442e0e58de4f35ea6d00", size = 195016, upload-time = "2026-04-02T09:28:21.657Z" },
    { url = "https://files.pythonhosted.org/packages/c1/d1/d8a6b7dd5c5636b76ce0d080bc57d8e56c7bbd6bc2ac941529a35e41d84a/charset_normalizer-3.4.7-cp39-cp39-manylinux_2_31_riscv64.manylinux_2_39_riscv64.whl", hash = "sha256:6370e8686f662e6a3941ee48ed4742317cafbe5707e36406e9df792cdb535776", size = 206115, upload-time = "2026-04-02T09:28:23.259Z" },
    { url = "https://files.pythonhosted.org/packages/dd/8c/60ebe912379627d023eb96995b40bc50308729f210f43d66109ca0a7bbd2/charset_normalizer-3.4.7-cp39-cp39-musllinux_1_2_aarch64.whl", hash = "sha256:a6c5863edfbe888d9eff9c8b8087354e27618d9da76425c119293f11712a6319", size = 204022, upload-time = "2026-04-02T09:28:24.779Z" },
    { url = "https://files.pythonhosted.org/packages/d5/2a/41816ceda78a551cbfdfbeab6f3891152b0e3f758ce6580c2c18c829f774/charset_normalizer-3.4.7-cp39-cp39-musllinux_1_2_armv7l.whl", hash = "sha256:ed065083d0898c9d5b4bbec7b026fd755ff7454e6e8b73a67f8c744b13986e24", size = 195914, upload-time = "2026-04-02T09:28:26.181Z" },
    { url = "https://files.pythonhosted.org/packages/8f/9b/7c7f4b7f11525fcbdfba752455314ac60646bae91cdd671d531c1f7a97c6/charset_normalizer-3.4.7-cp39-cp39-musllinux_1_2_ppc64le.whl", hash = "sha256:2cd4a60d0e2fb04537162c62bbbb4182f53541fe0ede35cdf270a1c1e723cc42", size = 222159, upload-time = "2026-04-02T09:28:27.504Z" },
    { url = "https://files.pythonhosted.org/packages/9f/57/301682e7469bdbfa2ce219a804f0668b2266ab8520570d85d3b3ef483ea3/charset_normalizer-3.4.7-cp39-cp39-musllinux_1_2_riscv64.whl", hash = "sha256:813c0e0132266c08eb87469a642cb30aaff57c5f426255419572aaeceeaa7bf4", size = 206154, upload-time = "2026-04-02T09:28:28.848Z" },
    { url = "https://files.pythonhosted.org/packages/20/ec/90339ff5cdc598b265748c1f231c7d7fbd9123a92cee10f757e0b1448de4/charset_normalizer-3.4.7-cp39-cp39-musllinux_1_2_s390x.whl", hash = "sha256:07d9e39b01743c3717745f4c530a6349eadbfa043c7577eef86c502c15df2c67", size = 217423, upload-time = "2026-04-02T09:28:30.248Z" },
    { url = "https://files.pythonhosted.org/packages/2e/e7/a7a6147f8e3375676309cf584b25c72a3bab784ea4085b0011fa07b23aeb/charset_normalizer-3.4.7-cp39-cp39-musllinux_1_2_x86_64.whl", hash = "sha256:c0f081d69a6e58272819b70288d3221a6ee64b98df852631c80f293514d3b274", size = 210604, upload-time = "2026-04-02T09:28:31.736Z" },
    { url = "https://files.pythonhosted.org/packages/1a/62/d9340c7a79c393e57807d7fb6c57e82060687891f81b74d3201958b919c1/charset_normalizer-3.4.7-cp39-cp39-win32.whl", hash = "sha256:8751d2787c9131302398b11e6c8068053dcb55d5a8964e114b6e196cf16cb366", size = 144631, upload-time = "2026-04-02T09:28:33.158Z" },
    { url = "https://files.pythonhosted.org/packages/21/e7/92901117e2ddc8facfe8235a3ecd4eb482185b2ad5d5b6606b37c1afea06/charset_normalizer-3.4.7-cp39-cp39-win_amd64.whl", hash = "sha256:12a6fff75f6bc66711b73a2f0addfc4c8c15a20e805146a02d147a318962c444", size = 154710, upload-time = "2026-04-02T09:28:34.557Z" },
    { url = "https://files.pythonhosted.org/packages/cc/4f/e1fb138201ad9a32499dd9a98aa4a5a5441fbf7f56b52b619a54b7ee8777/charset_normalizer-3.4.7-cp39-cp39-win_arm64.whl", hash = "sha256:bb8cc7534f51d9a017b93e3e85b260924f909601c3df002bcdb58ddb4dc41a5c", size = 143716, upload-time = "2026-04-02T09:28:35.908Z" },
    { url = "https://files.pythonhosted.org/packages/db/8f/61959034484a4a7c527811f4721e75d02d653a35afb0b6054474d8185d4c/charset_normalizer-3.4.7-py3-none-any.whl", hash = "sha256:3dce51d0f5e7951f8bb4900c257dad282f49190fdbebecd4ba99bcc41fef404d", size = 61958, upload-time = "2026-04-02T09:28:37.794Z" },
]

[[package]]
name = "cryptography"
version = "47.0.0"
source = { registry = "https://pypi.org/simple" }
dependencies = [
    { name = "cffi", marker = "platform_python_implementation != 'PyPy'" },
    { name = "typing-extensions" },
]
sdist = { url = "https://files.pythonhosted.org/packages/ef/b2/7ffa7fe8207a8c42147ffe70c3e360b228160c1d85dc3faff16aaa3244c0/cryptography-47.0.0.tar.gz", hash = "sha256:9f8e55fe4e63613a5e1cc5819030f27b97742d720203a087802ce4ce9ceb52bb", size = 830863, upload-time = "2026-04-24T19:54:57.056Z" }
wheels = [
    { url = "https://files.pythonhosted.org/packages/a4/98/40dfe932134bdcae4f6ab5927c87488754bf9eb79297d7e0070b78dd58e9/cryptography-47.0.0-cp311-abi3-macosx_10_9_universal2.whl", hash = "sha256:160ad728f128972d362e714054f6ba0067cab7fb350c5202a9ae8ae4ce3ef1a0", size = 7912214, upload-time = "2026-04-24T19:53:03.864Z" },
    { url = "https://files.pythonhosted.org/packages/34/c6/2733531243fba725f58611b918056b277692f1033373dcc8bd01af1c05d4/cryptography-47.0.0-cp311-abi3-manylinux2014_aarch64.manylinux_2_17_aarch64.whl", hash = "sha256:b9a8943e359b7615db1a3ba587994618e094ff3d6fa5a390c73d079ce18b3973", size = 4644617, upload-time = "2026-04-24T19:53:06.909Z" },
    { url = "https://files.pythonhosted.org/packages/00/e3/b27be1a670a9b87f855d211cf0e1174a5d721216b7616bd52d8581d912ed/cryptography-47.0.0-cp311-abi3-manylinux2014_x86_64.manylinux_2_17_x86_64.whl", hash = "sha256:f5c15764f261394b22aef6b00252f5195f46f2ca300bec57149474e2538b31f8", size = 4668186, upload-time = "2026-04-24T19:53:09.053Z" },
    { url = "https://files.pythonhosted.org/packages/81/b9/8443cfe5d17d482d348cee7048acf502bb89a51b6382f06240fd290d4ca3/cryptography-47.0.0-cp311-abi3-manylinux_2_28_aarch64.whl", hash = "sha256:9c59ab0e0fa3a180a5a9c59f3a5abe3ef90d474bc56d7fadfbe80359491b615b", size = 4651244, upload-time = "2026-04-24T19:53:11.217Z" },
    { url = "https://files.pythonhosted.org/packages/5d/5e/13ed0cdd0eb88ba159d6dd5ebfece8cb901dbcf1ae5ac4072e28b55d3153/cryptography-47.0.0-cp311-abi3-manylinux_2_28_ppc64le.whl", hash = "sha256:34b4358b925a5ea3e14384ca781a2c0ef7ac219b57bb9eacc4457078e2b19f92", size = 5252906, upload-time = "2026-04-24T19:53:13.532Z" },
    { url = "https://files.pythonhosted.org/packages/64/16/ed058e1df0f33d440217cd120d41d5dda9dd215a80b8187f68483185af82/cryptography-47.0.0-cp311-abi3-manylinux_2_28_x86_64.whl", hash = "sha256:0024b87d47ae2399165a6bfb20d24888881eeab83ae2566d62467c5ff0030ce7", size = 4701842, upload-time = "2026-04-24T19:53:15.618Z" },
    { url = "https://files.pythonhosted.org/packages/02/e0/3d30986b30fdbd9e969abbdf8ba00ed0618615144341faeb57f395a084fe/cryptography-47.0.0-cp311-abi3-manylinux_2_31_armv7l.whl", hash = "sha256:1e47422b5557bb82d3fff997e8d92cff4e28b9789576984f08c248d2b3535d93", size = 4289313, upload-time = "2026-04-24T19:53:17.755Z" },
    { url = "https://files.pythonhosted.org/packages/df/fd/32db38e3ad0cb331f0691cb4c7a8a6f176f679124dee746b3af6633db4d9/cryptography-47.0.0-cp311-abi3-manylinux_2_34_aarch64.whl", hash = "sha256:6f29f36582e6151d9686235e586dd35bb67491f024767d10b842e520dc6a07ac", size = 4650964, upload-time = "2026-04-24T19:53:20.062Z" },
    { url = "https://files.pythonhosted.org/packages/86/53/5395d944dfd48cb1f67917f533c609c34347185ef15eb4308024c876f274/cryptography-47.0.0-cp311-abi3-manylinux_2_34_ppc64le.whl", hash = "sha256:a9b761f012a943b7de0e828843c5688d0de94a0578d44d6c85a1bae32f87791f", size = 5207817, upload-time = "2026-04-24T19:53:22.498Z" },
    { url = "https://files.pythonhosted.org/packages/34/4f/e5711b28e1901f7d480a2b1b688b645aa4c77c73f10731ed17e7f7db3f0d/cryptography-47.0.0-cp311-abi3-manylinux_2_34_x86_64.whl", hash = "sha256:4e1de79e047e25d6e9f8cea71c86b4a53aced64134f0f003bbcbf3655fd172c8", size = 4701544, upload-time = "2026-04-24T19:53:24.356Z" },
    { url = "https://files.pythonhosted.org/packages/22/22/c8ddc25de3010fc8da447648f5a092c40e7a8fadf01dd6d255d9c0b9373d/cryptography-47.0.0-cp311-abi3-musllinux_1_2_aarch64.whl", hash = "sha256:ef6b3634087f18d2155b1e8ce264e5345a753da2c5fa9815e7d41315c90f8318", size = 4783536, upload-time = "2026-04-24T19:53:26.665Z" },
    { url = "https://files.pythonhosted.org/packages/66/b6/d4a68f4ea999c6d89e8498579cba1c5fcba4276284de7773b17e4fa69293/cryptography-47.0.0-cp311-abi3-musllinux_1_2_x86_64.whl", hash = "sha256:11dbb9f50a0f1bb9757b3d8c27c1101780efb8f0bdecfb12439c22a74d64c001", size = 4926106, upload-time = "2026-04-24T19:53:28.686Z" },
    { url = "https://files.pythonhosted.org/packages/54/ed/5f524db1fade9c013aa618e1c99c6ed05e8ffc9ceee6cda22fed22dda3f4/cryptography-47.0.0-cp311-abi3-win32.whl", hash = "sha256:7fda2f02c9015db3f42bb8a22324a454516ed10a8c29ca6ece6cdbb5efe2a203", size = 3258581, upload-time = "2026-04-24T19:53:31.058Z" },
    { url = "https://files.pythonhosted.org/packages/b2/dc/1b901990b174786569029f67542b3edf72ac068b6c3c8683c17e6a2f5363/cryptography-47.0.0-cp311-abi3-win_amd64.whl", hash = "sha256:f5c3296dab66202f1b18a91fa266be93d6aa0c2806ea3d67762c69f60adc71aa", size = 3775309, upload-time = "2026-04-24T19:53:33.054Z" },
    { url = "https://files.pythonhosted.org/packages/e0/34/a4fae8ae7c3bc227460c9ae43f56abf1b911da0ec29e0ebac53bb0a4b6b7/cryptography-47.0.0-cp38-abi3-macosx_10_9_universal2.whl", hash = "sha256:14432c8a9bcb37009784f9594a62fae211a2ae9543e96c92b2a8e4c3cd5cd0c4", size = 7904072, upload-time = "2026-04-24T19:54:06.411Z" },
    { url = "https://files.pythonhosted.org/packages/01/64/d7b1e54fdb69f22d24a64bb3e88dc718b31c7fb10ef0b9691a3cf7eeea6e/cryptography-47.0.0-cp38-abi3-manylinux2014_aarch64.manylinux_2_17_aarch64.whl", hash = "sha256:07efe86201817e7d3c18781ca9770bc0db04e1e48c994be384e4602bc38f8f27", size = 4635767, upload-time = "2026-04-24T19:54:08.519Z" },
    { url = "https://files.pythonhosted.org/packages/8b/7b/cca826391fb2a94efdcdfe4631eb69306ee1cff0b22f664a412c90713877/cryptography-47.0.0-cp38-abi3-manylinux2014_x86_64.manylinux_2_17_x86_64.whl", hash = "sha256:2b45761c6ec22b7c726d6a829558777e32d0f1c8be7c3f3480f9c912d5ee8a10", size = 4654350, upload-time = "2026-04-24T19:54:10.795Z" },
    { url = "https://files.pythonhosted.org/packages/4c/65/4b57bcc823f42a991627c51c2f68c9fd6eb1393c1756aac876cba2accae2/cryptography-47.0.0-cp38-abi3-manylinux_2_28_aarch64.whl", hash = "sha256:edd4da498015da5b9f26d38d3bfc2e90257bfa9cbed1f6767c282a0025ae649b", size = 4643394, upload-time = "2026-04-24T19:54:13.275Z" },
    { url = "https://files.pythonhosted.org/packages/f4/c4/2c5fbeea70adbbca2bbae865e1d605d6a4a7f8dbd9d33eaf69645087f06c/cryptography-47.0.0-cp38-abi3-manylinux_2_28_ppc64le.whl", hash = "sha256:9af828c0d5a65c70ec729cd7495a4bf1a67ecb66417b8f02ff125ab8a6326a74", size = 5225777, upload-time = "2026-04-24T19:54:15.18Z" },
    { url = "https://files.pythonhosted.org/packages/7e/b8/ac57107ef32749d2b244e36069bb688792a363aaaa3acc9e3cf84c130315/cryptography-47.0.0-cp38-abi3-manylinux_2_28_x86_64.whl", hash = "sha256:256d07c78a04d6b276f5df935a9923275f53bd1522f214447fdf365494e2d515", size = 4688771, upload-time = "2026-04-24T19:54:17.835Z" },
    { url = "https://files.pythonhosted.org/packages/56/fc/9f1de22ff8be99d991f240a46863c52d475404c408886c5a38d2b5c3bb26/cryptography-47.0.0-cp38-abi3-manylinux_2_31_armv7l.whl", hash = "sha256:5d0e362ff51041b0c0d219cc7d6924d7b8996f57ce5712bdcef71eb3c65a59cc", size = 4270753, upload-time = "2026-04-24T19:54:19.963Z" },
    { url = "https://files.pythonhosted.org/packages/00/68/d70c852797aa68e8e48d12e5a87170c43f67bb4a59403627259dd57d15de/cryptography-47.0.0-cp38-abi3-manylinux_2_34_aarch64.whl", hash = "sha256:1581aef4219f7ca2849d0250edaa3866212fb74bf5667284f46aa92f9e65c1ca", size = 4642911, upload-time = "2026-04-24T19:54:21.818Z" },
    { url = "https://files.pythonhosted.org/packages/a5/51/661cbee74f594c5d97ff82d34f10d5551c085ca4668645f4606ebd22bd5d/cryptography-47.0.0-cp38-abi3-manylinux_2_34_ppc64le.whl", hash = "sha256:a49a3eb5341b9503fa3000a9a0db033161db90d47285291f53c2a9d2cd1b7f76", size = 5181411, upload-time = "2026-04-24T19:54:24.376Z" },
    { url = "https://files.pythonhosted.org/packages/94/87/f2b6c374a82cf076cfa1416992ac8e8ec94d79facc37aec87c1a5cb72352/cryptography-47.0.0-cp38-abi3-manylinux_2_34_x86_64.whl", hash = "sha256:2207a498b03275d0051589e326b79d4cf59985c99031b05bb292ac52631c37fe", size = 4688262, upload-time = "2026-04-24T19:54:26.946Z" },
    { url = "https://files.pythonhosted.org/packages/14/e2/8b7462f4acf21ec509616f0245018bb197194ab0b65c2ea21a0bdd53c0eb/cryptography-47.0.0-cp38-abi3-musllinux_1_2_aarch64.whl", hash = "sha256:7a02675e2fabd0c0fc04c868b8781863cbf1967691543c22f5470500ff840b31", size = 4775506, upload-time = "2026-04-24T19:54:28.926Z" },
    { url = "https://files.pythonhosted.org/packages/70/75/158e494e4c08dc05e039da5bb48553826bd26c23930cf8d3cd5f21fa8921/cryptography-47.0.0-cp38-abi3-musllinux_1_2_x86_64.whl", hash = "sha256:80887c5cbd1774683cb126f0ab4184567f080071d5acf62205acb354b4b753b7", size = 4912060, upload-time = "2026-04-24T19:54:30.869Z" },
    { url = "https://files.pythonhosted.org/packages/06/bd/0a9d3edbf5eadbac926d7b9b3cd0c4be584eeeae4a003d24d9eda4affbbd/cryptography-47.0.0-cp38-abi3-win32.whl", hash = "sha256:ed67ea4e0cfb5faa5bc7ecb6e2b8838f3807a03758eec239d6c21c8769355310", size = 3248487, upload-time = "2026-04-24T19:54:33.494Z" },
    { url = "https://files.pythonhosted.org/packages/60/80/5681af756d0da3a599b7bdb586fac5a1540f1bcefd2717a20e611ddade45/cryptography-47.0.0-cp38-abi3-win_amd64.whl", hash = "sha256:835d2d7f47cdc53b3224e90810fb1d36ca94ea29cc1801fb4c1bc43876735769", size = 3755737, upload-time = "2026-04-24T19:54:35.408Z" },
]

[[package]]
name = "datetime"
version = "5.5"
source = { registry = "https://pypi.org/simple" }
dependencies = [
    { name = "pytz" },
    { name = "zope-interface" },
]
sdist = { url = "https://files.pythonhosted.org/packages/2f/66/e284b9978fede35185e5d18fb3ae855b8f573d8c90a56de5f6d03e8ef99e/DateTime-5.5.tar.gz", hash = "sha256:21ec6331f87a7fcb57bd7c59e8a68bfffe6fcbf5acdbbc7b356d6a9a020191d3", size = 63671, upload-time = "2024-03-21T07:26:50.211Z" }
wheels = [
    { url = "https://files.pythonhosted.org/packages/f3/78/8e382b8cb4346119e2e04270b6eb4a01c5ee70b47a8a0244ecdb157204f7/DateTime-5.5-py3-none-any.whl", hash = "sha256:0abf6c51cb4ba7cee775ca46ccc727f3afdde463be28dbbe8803631fefd4a120", size = 52649, upload-time = "2024-03-21T07:26:47.849Z" },
]

[[package]]
name = "gcs-seed"
version = "0.1.0"
source = { virtual = "." }
dependencies = [
    { name = "datetime" },
    { name = "google-cloud-bigquery" },
    { name = "google-cloud-storage" },
]

[package.metadata]
requires-dist = [
    { name = "datetime", specifier = ">=4.7" },
    { name = "google-cloud-bigquery", specifier = ">=2.3.1" },
    { name = "google-cloud-storage", specifier = ">=1.38.0" },
]

[[package]]
name = "google-api-core"
version = "2.30.3"
source = { registry = "https://pypi.org/simple" }
dependencies = [
    { name = "google-auth" },
    { name = "googleapis-common-protos" },
    { name = "proto-plus" },
    { name = "protobuf" },
    { name = "requests" },
]
sdist = { url = "https://files.pythonhosted.org/packages/16/ce/502a57fb0ec752026d24df1280b162294b22a0afb98a326084f9a979138b/google_api_core-2.30.3.tar.gz", hash = "sha256:e601a37f148585319b26db36e219df68c5d07b6382cff2d580e83404e44d641b", size = 177001, upload-time = "2026-04-10T00:41:28.035Z" }
wheels = [
    { url = "https://files.pythonhosted.org/packages/03/15/e56f351cf6ef1cfea58e6ac226a7318ed1deb2218c4b3cc9bd9e4b786c5a/google_api_core-2.30.3-py3-none-any.whl", hash = "sha256:a85761ba72c444dad5d611c2220633480b2b6be2521eca69cca2dbb3ffd6bfe8", size = 173274, upload-time = "2026-04-09T22:57:16.198Z" },
]

[package.optional-dependencies]
grpc = [
    { name = "grpcio" },
    { name = "grpcio-status" },
]

[[package]]
name = "google-auth"
version = "2.49.2"
source = { registry = "https://pypi.org/simple" }
dependencies = [
    { name = "cryptography" },
    { name = "pyasn1-modules" },
]
sdist = { url = "https://files.pythonhosted.org/packages/c6/fc/e925290a1ad95c975c459e2df070fac2b90954e13a0370ac505dff78cb99/google_auth-2.49.2.tar.gz", hash = "sha256:c1ae38500e73065dcae57355adb6278cf8b5c8e391994ae9cbadbcb9631ab409", size = 333958, upload-time = "2026-04-10T00:41:21.888Z" }
wheels = [
    { url = "https://files.pythonhosted.org/packages/73/76/d241a5c927433420507215df6cac1b1fa4ac0ba7a794df42a84326c68da8/google_auth-2.49.2-py3-none-any.whl", hash = "sha256:c2720924dfc82dedb962c9f52cabb2ab16714fd0a6a707e40561d217574ed6d5", size = 240638, upload-time = "2026-04-10T00:41:14.501Z" },
]

[[package]]
name = "google-cloud-bigquery"
version = "3.41.0"
source = { registry = "https://pypi.org/simple" }
dependencies = [
    { name = "google-api-core", extra = ["grpc"] },
    { name = "google-auth" },
    { name = "google-cloud-core" },
    { name = "google-resumable-media" },
    { name = "packaging" },
    { name = "python-dateutil" },
    { name = "requests" },
]
sdist = { url = "https://files.pythonhosted.org/packages/ce/13/6515c7aab55a4a0cf708ffd309fb9af5bab54c13e32dc22c5acd6497193c/google_cloud_bigquery-3.41.0.tar.gz", hash = "sha256:2217e488b47ed576360c9b2cc07d59d883a54b83167c0ef37f915c26b01a06fe", size = 513434, upload-time = "2026-03-30T22:50:55.347Z" }
wheels = [
    { url = "https://files.pythonhosted.org/packages/40/33/1d3902efadef9194566d499d61507e1f038454e0b55499d2d7f8ab2a4fee/google_cloud_bigquery-3.41.0-py3-none-any.whl", hash = "sha256:2a5b5a737b401cbd824a6e5eac7554100b878668d908e6548836b5d8aaa4dcaa", size = 262343, upload-time = "2026-03-30T22:48:45.444Z" },
]

[[package]]
name = "google-cloud-core"
version = "2.5.1"
source = { registry = "https://pypi.org/simple" }
dependencies = [
    { name = "google-api-core" },
    { name = "google-auth" },
]
sdist = { url = "https://files.pythonhosted.org/packages/dc/24/6ca08b0a03c7b0c620427503ab00353a4ae806b848b93bcea18b6b76fde6/google_cloud_core-2.5.1.tar.gz", hash = "sha256:3dc94bdec9d05a31d9f355045ed0f369fbc0d8c665076c734f065d729800f811", size = 36078, upload-time = "2026-03-30T22:50:08.057Z" }
wheels = [
    { url = "https://files.pythonhosted.org/packages/73/d9/5bb050cb32826466aa9b25f79e2ca2879fe66cb76782d4ed798dd7506151/google_cloud_core-2.5.1-py3-none-any.whl", hash = "sha256:ea62cdf502c20e3e14be8a32c05ed02113d7bef454e40ff3fab6fe1ec9f1f4e7", size = 29452, upload-time = "2026-03-30T22:48:31.567Z" },
]

[[package]]
name = "google-cloud-storage"
version = "3.9.0"
source = { registry = "https://pypi.org/simple" }
dependencies = [
    { name = "google-api-core" },
    { name = "google-auth" },
    { name = "google-cloud-core" },
    { name = "google-crc32c" },
    { name = "google-resumable-media" },
    { name = "requests" },
]
sdist = { url = "https://files.pythonhosted.org/packages/f7/b1/4f0798e88285b50dfc60ed3a7de071def538b358db2da468c2e0deecbb40/google_cloud_storage-3.9.0.tar.gz", hash = "sha256:f2d8ca7db2f652be757e92573b2196e10fbc09649b5c016f8b422ad593c641cc", size = 17298544, upload-time = "2026-02-02T13:36:34.119Z" }
wheels = [
    { url = "https://files.pythonhosted.org/packages/46/0b/816a6ae3c9fd096937d2e5f9670558908811d57d59ddf69dd4b83b326fd1/google_cloud_storage-3.9.0-py3-none-any.whl", hash = "sha256:2dce75a9e8b3387078cbbdad44757d410ecdb916101f8ba308abf202b6968066", size = 321324, upload-time = "2026-02-02T13:36:32.271Z" },
]

[[package]]
name = "google-crc32c"
version = "1.8.0"
source = { registry = "https://pypi.org/simple" }
sdist = { url = "https://files.pythonhosted.org/packages/03/41/4b9c02f99e4c5fb477122cd5437403b552873f014616ac1d19ac8221a58d/google_crc32c-1.8.0.tar.gz", hash = "sha256:a428e25fb7691024de47fecfbff7ff957214da51eddded0da0ae0e0f03a2cf79", size = 14192, upload-time = "2025-12-16T00:35:25.142Z" }
wheels = [
    { url = "https://files.pythonhosted.org/packages/42/c5/4c4cde2e7e54d9cde5c3d131f54a609eb3a77e60a04ec348051f61071fc2/google_crc32c-1.8.0-cp39-cp39-macosx_12_0_arm64.whl", hash = "sha256:ba6aba18daf4d36ad4412feede6221414692f44d17e5428bdd81ad3fc1eee5dc", size = 31291, upload-time = "2025-12-16T00:17:45.878Z" },
    { url = "https://files.pythonhosted.org/packages/31/1d/abae5a7ca05c07dc7f129b32f7f8cce5314172fd2300c7aec305427a637e/google_crc32c-1.8.0-cp39-cp39-macosx_12_0_x86_64.whl", hash = "sha256:87b0072c4ecc9505cfa16ee734b00cd7721d20a0f595be4d40d3d21b41f65ae2", size = 30862, upload-time = "2025-12-16T00:25:03.867Z" },
    { url = "https://files.pythonhosted.org/packages/1e/c4/7032f0e87ee0b0f65669ac8a1022beabd80afe5da69f4bbf49eb7fea9c40/google_crc32c-1.8.0-cp39-cp39-manylinux1_x86_64.manylinux2014_x86_64.manylinux_2_17_x86_64.manylinux_2_5_x86_64.whl", hash = "sha256:3d488e98b18809f5e322978d4506373599c0c13e6c5ad13e53bb44758e18d215", size = 33063, upload-time = "2025-12-16T00:40:27.789Z" },
    { url = "https://files.pythonhosted.org/packages/cc/fc/831d92dd02bc145523590db3927a73300f5121a34b56c2696e4305411b67/google_crc32c-1.8.0-cp39-cp39-manylinux2014_aarch64.manylinux_2_17_aarch64.whl", hash = "sha256:01f126a5cfddc378290de52095e2c7052be2ba7656a9f0caf4bcd1bfb1833f8a", size = 33434, upload-time = "2025-12-16T00:40:28.555Z" },
    { url = "https://files.pythonhosted.org/packages/ca/ef/74accbe6e6892c3bcbe5a7ed8d650a23b3042ddcc0b301896c22e6733bea/google_crc32c-1.8.0-cp39-cp39-win_amd64.whl", hash = "sha256:61f58b28e0b21fcb249a8247ad0db2e64114e201e2e9b4200af020f3b6242c9f", size = 34432, upload-time = "2025-12-16T00:35:24.136Z" },
]

[[package]]
name = "google-resumable-media"
version = "2.8.2"
source = { registry = "https://pypi.org/simple" }
dependencies = [
    { name = "google-crc32c" },
]
sdist = { url = "https://files.pythonhosted.org/packages/3f/d1/b1ea14b93b6b78f57fc580125de44e9f593ab88dd2460f1a8a8d18f74754/google_resumable_media-2.8.2.tar.gz", hash = "sha256:f3354a182ebd193ae3f42e3ef95e6c9b10f128320de23ac7637236713b1acd70", size = 2164510, upload-time = "2026-03-30T23:34:25.369Z" }
wheels = [
    { url = "https://files.pythonhosted.org/packages/5e/f8/50bfaf4658431ff9de45c5c3935af7ab01157a4903c603cd0eee6e78e087/google_resumable_media-2.8.2-py3-none-any.whl", hash = "sha256:82b6d8ccd11765268cdd2a2123f417ec806b8eef3000a9a38dfe3033da5fb220", size = 81511, upload-time = "2026-03-30T23:34:09.671Z" },
]

[[package]]
name = "googleapis-common-protos"
version = "1.74.0"
source = { registry = "https://pypi.org/simple" }
dependencies = [
    { name = "protobuf" },
]
sdist = { url = "https://files.pythonhosted.org/packages/20/18/a746c8344152d368a5aac738d4c857012f2c5d1fd2eac7e17b647a7861bd/googleapis_common_protos-1.74.0.tar.gz", hash = "sha256:57971e4eeeba6aad1163c1f0fc88543f965bb49129b8bb55b2b7b26ecab084f1", size = 151254, upload-time = "2026-04-02T21:23:26.679Z" }
wheels = [
    { url = "https://files.pythonhosted.org/packages/b6/b0/be5d3329badb9230b765de6eea66b73abd5944bdeb5afb3562ddcd80ae84/googleapis_common_protos-1.74.0-py3-none-any.whl", hash = "sha256:702216f78610bb510e3f12ac3cafd281b7ac45cc5d86e90ad87e4d301a3426b5", size = 300743, upload-time = "2026-04-02T21:22:49.108Z" },
]

[[package]]
name = "grpcio"
version = "1.80.0"
source = { registry = "https://pypi.org/simple" }
dependencies = [
    { name = "typing-extensions" },
]
sdist = { url = "https://files.pythonhosted.org/packages/b7/48/af6173dbca4454f4637a4678b67f52ca7e0c1ed7d5894d89d434fecede05/grpcio-1.80.0.tar.gz", hash = "sha256:29aca15edd0688c22ba01d7cc01cb000d72b2033f4a3c72a81a19b56fd143257", size = 12978905, upload-time = "2026-03-30T08:49:10.502Z" }
wheels = [
    { url = "https://files.pythonhosted.org/packages/08/58/7151ffa07cb3faf4bdd1a1902c067d2d162a4ba24678afd2ad5084a42382/grpcio-1.80.0-cp39-cp39-linux_armv7l.whl", hash = "sha256:aacdfb4ed3eb919ca997504d27e03d5dba403c85130b8ed450308590a738f7a4", size = 6048562, upload-time = "2026-03-30T08:48:40.068Z" },
    { url = "https://files.pythonhosted.org/packages/40/58/0287051dc65c2760155977d9775d1f3c87939e4d575a29aac40f9006b357/grpcio-1.80.0-cp39-cp39-macosx_11_0_universal2.whl", hash = "sha256:a361c20ec1ccd3c3953d20fb6d7b4125093bdd10dff44c5e2bbb39e58917cedc", size = 12031536, upload-time = "2026-03-30T08:48:43.031Z" },
    { url = "https://files.pythonhosted.org/packages/7b/62/8fc355ffcc9fd8a3ca0438f007307c130dfb93949d3138cd23c8c9f434e8/grpcio-1.80.0-cp39-cp39-manylinux2014_aarch64.manylinux_2_17_aarch64.whl", hash = "sha256:43168871f170d1e4ed16ae03d10cd21efa29f190e710a624cee7e5ae07da6f4f", size = 6602175, upload-time = "2026-03-30T08:48:46.099Z" },
    { url = "https://files.pythonhosted.org/packages/12/cb/3efd0b505090804dfe88bf258ed26a6fb19ccbb31889a05b9edb3ae035fe/grpcio-1.80.0-cp39-cp39-manylinux2014_i686.manylinux_2_17_i686.whl", hash = "sha256:1b97cd29a8eda100b559b455331c487a80915b6ea6bd91cf3e89836c4ee8d957", size = 7299777, upload-time = "2026-03-30T08:48:48.848Z" },
    { url = "https://files.pythonhosted.org/packages/54/b1/50fdb826acafd5ac661e10df25b089721172530f2eb4aa1f36bd3c3d4254/grpcio-1.80.0-cp39-cp39-manylinux2014_x86_64.manylinux_2_17_x86_64.whl", hash = "sha256:bac1d573dfa84ce59a5547073e28fa7326d53352adda6912e362da0b917fcef4", size = 6808790, upload-time = "2026-03-30T08:48:51.625Z" },
    { url = "https://files.pythonhosted.org/packages/60/29/41e9ed0bb5544836bb2685097beea972b0cabc8970aeaace0f152bfc5441/grpcio-1.80.0-cp39-cp39-musllinux_1_2_aarch64.whl", hash = "sha256:4560cf0e86514595dbbd330cd65b7afad4b5c4b8c4905c041cfffa138d45e6fd", size = 7410605, upload-time = "2026-03-30T08:48:54.466Z" },
    { url = "https://files.pythonhosted.org/packages/41/ad/889f0dfbc8a08050db6e23c3180dbe712b03af490352a4d7df649db26bc8/grpcio-1.80.0-cp39-cp39-musllinux_1_2_i686.whl", hash = "sha256:ec0a592e926071b4abad50c1495cd0d0d513324b3ff5e7267067c33ba27506e4", size = 8423134, upload-time = "2026-03-30T08:48:57.71Z" },
    { url = "https://files.pythonhosted.org/packages/3d/76/f44d853f38165d26a309565da31a312587dda668e9e7b5323179b87bcab4/grpcio-1.80.0-cp39-cp39-musllinux_1_2_x86_64.whl", hash = "sha256:deb10a1528473c11f72a0939eed36d83e847d7cbb63e8cc5611fb7a912d38614", size = 7846917, upload-time = "2026-03-30T08:49:00.969Z" },
    { url = "https://files.pythonhosted.org/packages/74/fe/99c56d12b48f8c8b0d28c42edfb171642eb52dd90a0fe7bc74676909fa97/grpcio-1.80.0-cp39-cp39-win32.whl", hash = "sha256:627fb7312171cdc52828bd6fac8d7028ff2a64b89f1957b6f3416caa2218d141", size = 4157647, upload-time = "2026-03-30T08:49:04.196Z" },
    { url = "https://files.pythonhosted.org/packages/e6/ff/33f6a8823f06c6a1d1f530c1531e563b76c02091525e36255c08575ae775/grpcio-1.80.0-cp39-cp39-win_amd64.whl", hash = "sha256:05d55e1798756282cddd52d56c896b3e7d673e3a8798c2f1cd05ba249a3bb4de", size = 4892359, upload-time = "2026-03-30T08:49:06.902Z" },
]

[[package]]
name = "grpcio-status"
version = "1.80.0"
source = { registry = "https://pypi.org/simple" }
dependencies = [
    { name = "googleapis-common-protos" },
    { name = "grpcio" },
    { name = "protobuf" },
]
sdist = { url = "https://files.pythonhosted.org/packages/b1/ed/105f619bdd00cb47a49aa2feea6232ea2bbb04199d52a22cc6a7d603b5cb/grpcio_status-1.80.0.tar.gz", hash = "sha256:df73802a4c89a3ea88aa2aff971e886fccce162bc2e6511408b3d67a144381cd", size = 13901, upload-time = "2026-03-30T08:54:34.784Z" }
wheels = [
    { url = "https://files.pythonhosted.org/packages/76/80/58cd2dfc19a07d022abe44bde7c365627f6c7cb6f692ada6c65ca437d09a/grpcio_status-1.80.0-py3-none-any.whl", hash = "sha256:4b56990363af50dbf2c2ebb80f1967185c07d87aa25aa2bea45ddb75fc181dbe", size = 14638, upload-time = "2026-03-30T08:54:01.569Z" },
]

[[package]]
name = "idna"
version = "3.15"
source = { registry = "https://pypi.org/simple" }
sdist = { url = "https://files.pythonhosted.org/packages/82/77/7b3966d0b9d1d31a36ddf1746926a11dface89a83409bf1483f0237aa758/idna-3.15.tar.gz", hash = "sha256:ca962446ea538f7092a95e057da437618e886f4d349216d2b1e294abfdb65fdc", size = 199245, upload-time = "2026-05-12T22:45:57.011Z" }
wheels = [
    { url = "https://files.pythonhosted.org/packages/d2/23/408243171aa9aaba178d3e2559159c24c1171a641aa83b67bdd3394ead8e/idna-3.15-py3-none-any.whl", hash = "sha256:048adeaf8c2d788c40fee287673ccaa74c24ffd8dcf09ffa555a2fbb59f10ac8", size = 72340, upload-time = "2026-05-12T22:45:55.733Z" },
]

[[package]]
name = "packaging"
version = "26.2"
source = { registry = "https://pypi.org/simple" }
sdist = { url = "https://files.pythonhosted.org/packages/d7/f1/e7a6dd94a8d4a5626c03e4e99c87f241ba9e350cd9e6d75123f992427270/packaging-26.2.tar.gz", hash = "sha256:ff452ff5a3e828ce110190feff1178bb1f2ea2281fa2075aadb987c2fb221661", size = 228134, upload-time = "2026-04-24T20:15:23.917Z" }
wheels = [
    { url = "https://files.pythonhosted.org/packages/df/b2/87e62e8c3e2f4b32e5fe99e0b86d576da1312593b39f47d8ceef365e95ed/packaging-26.2-py3-none-any.whl", hash = "sha256:5fc45236b9446107ff2415ce77c807cee2862cb6fac22b8a73826d0693b0980e", size = 100195, upload-time = "2026-04-24T20:15:22.081Z" },
]

[[package]]
name = "proto-plus"
version = "1.27.2"
source = { registry = "https://pypi.org/simple" }
dependencies = [
    { name = "protobuf" },
]
sdist = { url = "https://files.pythonhosted.org/packages/81/0d/94dfe80193e79d55258345901acd2917523d56e8381bc4dee7fd38e3868a/proto_plus-1.27.2.tar.gz", hash = "sha256:b2adde53adadf75737c44d3dcb0104fde65250dfc83ad59168b4aa3e574b6a24", size = 57204, upload-time = "2026-03-26T22:18:57.174Z" }
wheels = [
    { url = "https://files.pythonhosted.org/packages/84/f3/1fba73eeffafc998a25d59703b63f8be4fe8a5cb12eaff7386a0ba0f7125/proto_plus-1.27.2-py3-none-any.whl", hash = "sha256:6432f75893d3b9e70b9c412f1d2f03f65b11fb164b793d14ae2ca01821d22718", size = 50450, upload-time = "2026-03-26T22:13:42.927Z" },
]

[[package]]
name = "protobuf"
version = "6.33.6"
source = { registry = "https://pypi.org/simple" }
sdist = { url = "https://files.pythonhosted.org/packages/66/70/e908e9c5e52ef7c3a6c7902c9dfbb34c7e29c25d2f81ade3856445fd5c94/protobuf-6.33.6.tar.gz", hash = "sha256:a6768d25248312c297558af96a9f9c929e8c4cee0659cb07e780731095f38135", size = 444531, upload-time = "2026-03-18T19:05:00.988Z" }
wheels = [
    { url = "https://files.pythonhosted.org/packages/fc/9f/2f509339e89cfa6f6a4c4ff50438db9ca488dec341f7e454adad60150b00/protobuf-6.33.6-cp310-abi3-win32.whl", hash = "sha256:7d29d9b65f8afef196f8334e80d6bc1d5d4adedb449971fefd3723824e6e77d3", size = 425739, upload-time = "2026-03-18T19:04:48.373Z" },
    { url = "https://files.pythonhosted.org/packages/76/5d/683efcd4798e0030c1bab27374fd13a89f7c2515fb1f3123efdfaa5eab57/protobuf-6.33.6-cp310-abi3-win_amd64.whl", hash = "sha256:0cd27b587afca21b7cfa59a74dcbd48a50f0a6400cfb59391340ad729d91d326", size = 437089, upload-time = "2026-03-18T19:04:50.381Z" },
    { url = "https://files.pythonhosted.org/packages/5c/01/a3c3ed5cd186f39e7880f8303cc51385a198a81469d53d0fdecf1f64d929/protobuf-6.33.6-cp39-abi3-macosx_10_9_universal2.whl", hash = "sha256:9720e6961b251bde64edfdab7d500725a2af5280f3f4c87e57c0208376aa8c3a", size = 427737, upload-time = "2026-03-18T19:04:51.866Z" },
    { url = "https://files.pythonhosted.org/packages/ee/90/b3c01fdec7d2f627b3a6884243ba328c1217ed2d978def5c12dc50d328a3/protobuf-6.33.6-cp39-abi3-manylinux2014_aarch64.whl", hash = "sha256:e2afbae9b8e1825e3529f88d514754e094278bb95eadc0e199751cdd9a2e82a2", size = 324610, upload-time = "2026-03-18T19:04:53.096Z" },
    { url = "https://files.pythonhosted.org/packages/9b/ca/25afc144934014700c52e05103c2421997482d561f3101ff352e1292fb81/protobuf-6.33.6-cp39-abi3-manylinux2014_s390x.whl", hash = "sha256:c96c37eec15086b79762ed265d59ab204dabc53056e3443e702d2681f4b39ce3", size = 339381, upload-time = "2026-03-18T19:04:54.616Z" },
    { url = "https://files.pythonhosted.org/packages/16/92/d1e32e3e0d894fe00b15ce28ad4944ab692713f2e7f0a99787405e43533a/protobuf-6.33.6-cp39-abi3-manylinux2014_x86_64.whl", hash = "sha256:e9db7e292e0ab79dd108d7f1a94fe31601ce1ee3f7b79e0692043423020b0593", size = 323436, upload-time = "2026-03-18T19:04:55.768Z" },
    { url = "https://files.pythonhosted.org/packages/0c/bd/88a687e9147329fc7e6c26a058fc52214c47190688a496bb283000a4d2a3/protobuf-6.33.6-cp39-cp39-win32.whl", hash = "sha256:bd56799fb262994b2c2faa1799693c95cc2e22c62f56fb43af311cae45d26f0e", size = 425861, upload-time = "2026-03-18T19:04:57.064Z" },
    { url = "https://files.pythonhosted.org/packages/84/d6/fab384eea064bfc3b273183e4e09bb3a3cf4ec83876b3828c09fcacbb651/protobuf-6.33.6-cp39-cp39-win_amd64.whl", hash = "sha256:f443a394af5ed23672bc6c486be138628fbe5c651ccbc536873d7da23d1868cf", size = 437109, upload-time = "2026-03-18T19:04:58.713Z" },
    { url = "https://files.pythonhosted.org/packages/c4/72/02445137af02769918a93807b2b7890047c32bfb9f90371cbc12688819eb/protobuf-6.33.6-py3-none-any.whl", hash = "sha256:77179e006c476e69bf8e8ce866640091ec42e1beb80b213c3900006ecfba6901", size = 170656, upload-time = "2026-03-18T19:04:59.826Z" },
]

[[package]]
name = "pyasn1"
version = "0.6.3"
source = { registry = "https://pypi.org/simple" }
sdist = { url = "https://files.pythonhosted.org/packages/5c/5f/6583902b6f79b399c9c40674ac384fd9cd77805f9e6205075f828ef11fb2/pyasn1-0.6.3.tar.gz", hash = "sha256:697a8ecd6d98891189184ca1fa05d1bb00e2f84b5977c481452050549c8a72cf", size = 148685, upload-time = "2026-03-17T01:06:53.382Z" }
wheels = [
    { url = "https://files.pythonhosted.org/packages/5d/a0/7d793dce3fa811fe047d6ae2431c672364b462850c6235ae306c0efd025f/pyasn1-0.6.3-py3-none-any.whl", hash = "sha256:a80184d120f0864a52a073acc6fc642847d0be408e7c7252f31390c0f4eadcde", size = 83997, upload-time = "2026-03-17T01:06:52.036Z" },
]

[[package]]
name = "pyasn1-modules"
version = "0.4.2"
source = { registry = "https://pypi.org/simple" }
dependencies = [
    { name = "pyasn1" },
]
sdist = { url = "https://files.pythonhosted.org/packages/e9/e6/78ebbb10a8c8e4b61a59249394a4a594c1a7af95593dc933a349c8d00964/pyasn1_modules-0.4.2.tar.gz", hash = "sha256:677091de870a80aae844b1ca6134f54652fa2c8c5a52aa396440ac3106e941e6", size = 307892, upload-time = "2025-03-28T02:41:22.17Z" }
wheels = [
    { url = "https://files.pythonhosted.org/packages/47/8d/d529b5d697919ba8c11ad626e835d4039be708a35b0d22de83a269a6682c/pyasn1_modules-0.4.2-py3-none-any.whl", hash = "sha256:29253a9207ce32b64c3ac6600edc75368f98473906e8fd1043bd6b5b1de2c14a", size = 181259, upload-time = "2025-03-28T02:41:19.028Z" },
]

[[package]]
name = "pycparser"
version = "2.23"
source = { registry = "https://pypi.org/simple" }
sdist = { url = "https://files.pythonhosted.org/packages/fe/cf/d2d3b9f5699fb1e4615c8e32ff220203e43b248e1dfcc6736ad9057731ca/pycparser-2.23.tar.gz", hash = "sha256:78816d4f24add8f10a06d6f05b4d424ad9e96cfebf68a4ddc99c65c0720d00c2", size = 173734, upload-time = "2025-09-09T13:23:47.91Z" }
wheels = [
    { url = "https://files.pythonhosted.org/packages/a0/e3/59cd50310fc9b59512193629e1984c1f95e5c8ae6e5d8c69532ccc65a7fe/pycparser-2.23-py3-none-any.whl", hash = "sha256:e5c6e8d3fbad53479cab09ac03729e0a9faf2bee3db8208a550daf5af81a5934", size = 118140, upload-time = "2025-09-09T13:23:46.651Z" },
]

[[package]]
name = "python-dateutil"
version = "2.9.0.post0"
source = { registry = "https://pypi.org/simple" }
dependencies = [
    { name = "six" },
]
sdist = { url = "https://files.pythonhosted.org/packages/66/c0/0c8b6ad9f17a802ee498c46e004a0eb49bc148f2fd230864601a86dcf6db/python-dateutil-2.9.0.post0.tar.gz", hash = "sha256:37dd54208da7e1cd875388217d5e00ebd4179249f90fb72437e91a35459a0ad3", size = 342432, upload-time = "2024-03-01T18:36:20.211Z" }
wheels = [
    { url = "https://files.pythonhosted.org/packages/ec/57/56b9bcc3c9c6a792fcbaf139543cee77261f3651ca9da0c93f5c1221264b/python_dateutil-2.9.0.post0-py2.py3-none-any.whl", hash = "sha256:a8b2bc7bffae282281c8140a97d3aa9c14da0b136dfe83f850eea9a5f7470427", size = 229892, upload-time = "2024-03-01T18:36:18.57Z" },
]

[[package]]
name = "pytz"
version = "2026.1.post1"
source = { registry = "https://pypi.org/simple" }
sdist = { url = "https://files.pythonhosted.org/packages/56/db/b8721d71d945e6a8ac63c0fc900b2067181dbb50805958d4d4661cf7d277/pytz-2026.1.post1.tar.gz", hash = "sha256:3378dde6a0c3d26719182142c56e60c7f9af7e968076f31aae569d72a0358ee1", size = 321088, upload-time = "2026-03-03T07:47:50.683Z" }
wheels = [
    { url = "https://files.pythonhosted.org/packages/10/99/781fe0c827be2742bcc775efefccb3b048a3a9c6ce9aec0cbf4a101677e5/pytz-2026.1.post1-py2.py3-none-any.whl", hash = "sha256:f2fd16142fda348286a75e1a524be810bb05d444e5a081f37f7affc635035f7a", size = 510489, upload-time = "2026-03-03T07:47:49.167Z" },
]

[[package]]
name = "requests"
version = "2.32.5"
source = { registry = "https://pypi.org/simple" }
dependencies = [
    { name = "certifi" },
    { name = "charset-normalizer" },
    { name = "idna" },
    { name = "urllib3" },
]
sdist = { url = "https://files.pythonhosted.org/packages/c9/74/b3ff8e6c8446842c3f5c837e9c3dfcfe2018ea6ecef224c710c85ef728f4/requests-2.32.5.tar.gz", hash = "sha256:dbba0bac56e100853db0ea71b82b4dfd5fe2bf6d3754a8893c3af500cec7d7cf", size = 134517, upload-time = "2025-08-18T20:46:02.573Z" }
wheels = [
    { url = "https://files.pythonhosted.org/packages/1e/db/4254e3eabe8020b458f1a747140d32277ec7a271daf1d235b70dc0b4e6e3/requests-2.32.5-py3-none-any.whl", hash = "sha256:2462f94637a34fd532264295e186976db0f5d453d1cdd31473c85a6a161affb6", size = 64738, upload-time = "2025-08-18T20:46:00.542Z" },
]

[[package]]
name = "six"
version = "1.17.0"
source = { registry = "https://pypi.org/simple" }
sdist = { url = "https://files.pythonhosted.org/packages/94/e7/b2c673351809dca68a0e064b6af791aa332cf192da575fd474ed7d6f16a2/six-1.17.0.tar.gz", hash = "sha256:ff70335d468e7eb6ec65b95b99d3a2836546063f63acc5171de367e834932a81", size = 34031, upload-time = "2024-12-04T17:35:28.174Z" }
wheels = [
    { url = "https://files.pythonhosted.org/packages/b7/ce/149a00dd41f10bc29e5921b496af8b574d8413afcd5e30dfa0ed46c2cc5e/six-1.17.0-py2.py3-none-any.whl", hash = "sha256:4721f391ed90541fddacab5acf947aa0d3dc7d27b2e1e8eda2be8970586c3274", size = 11050, upload-time = "2024-12-04T17:35:26.475Z" },
]

[[package]]
name = "typing-extensions"
version = "4.15.0"
source = { registry = "https://pypi.org/simple" }
sdist = { url = "https://files.pythonhosted.org/packages/72/94/1a15dd82efb362ac84269196e94cf00f187f7ed21c242792a923cdb1c61f/typing_extensions-4.15.0.tar.gz", hash = "sha256:0cea48d173cc12fa28ecabc3b837ea3cf6f38c6d1136f85cbaaf598984861466", size = 109391, upload-time = "2025-08-25T13:49:26.313Z" }
wheels = [
    { url = "https://files.pythonhosted.org/packages/18/67/36e9267722cc04a6b9f15c7f3441c2363321a3ea07da7ae0c0707beb2a9c/typing_extensions-4.15.0-py3-none-any.whl", hash = "sha256:f0fa19c6845758ab08074a0cfa8b7aecb71c999ca73d62883bc25cc018c4e548", size = 44614, upload-time = "2025-08-25T13:49:24.86Z" },
]

[[package]]
name = "urllib3"
version = "2.6.3"
source = { registry = "https://pypi.org/simple" }
sdist = { url = "https://files.pythonhosted.org/packages/c7/24/5f1b3bdffd70275f6661c76461e25f024d5a38a46f04aaca912426a2b1d3/urllib3-2.6.3.tar.gz", hash = "sha256:1b62b6884944a57dbe321509ab94fd4d3b307075e0c2eae991ac71ee15ad38ed", size = 435556, upload-time = "2026-01-07T16:24:43.925Z" }
wheels = [
    { url = "https://files.pythonhosted.org/packages/39/08/aaaad47bc4e9dc8c725e68f9d04865dbcb2052843ff09c97b08904852d84/urllib3-2.6.3-py3-none-any.whl", hash = "sha256:bf272323e553dfb2e87d9bfd225ca7b0f467b919d7bbd355436d3fd37cb0acd4", size = 131584, upload-time = "2026-01-07T16:24:42.685Z" },
]

[[package]]
name = "zope-interface"
version = "8.0.1"
source = { registry = "https://pypi.org/simple" }
sdist = { url = "https://files.pythonhosted.org/packages/88/3a/7fcf02178b8fad0a51e67e32765cd039ae505d054d744d76b8c2bbcba5ba/zope_interface-8.0.1.tar.gz", hash = "sha256:eba5610d042c3704a48222f7f7c6ab5b243ed26f917e2bc69379456b115e02d1", size = 253746, upload-time = "2025-09-25T05:55:51.285Z" }
wheels = [
    { url = "https://files.pythonhosted.org/packages/e5/24/d5c5e7936e014276b7a98a076de4f5dc2587100fea95779c1e36650b8770/zope_interface-8.0.1-cp39-cp39-macosx_10_9_x86_64.whl", hash = "sha256:b84464a9fcf801289fa8b15bfc0829e7855d47fb4a8059555effc6f2d1d9a613", size = 207443, upload-time = "2025-09-25T05:59:34.299Z" },
    { url = "https://files.pythonhosted.org/packages/8a/76/565cf6db478ba344b27cfd6828f17da2888cf1beb521bce31142b3041fb5/zope_interface-8.0.1-cp39-cp39-macosx_11_0_arm64.whl", hash = "sha256:7b915cf7e747b5356d741be79a153aa9107e8923bc93bcd65fc873caf0fb5c50", size = 207928, upload-time = "2025-09-25T05:59:35.524Z" },
    { url = "https://files.pythonhosted.org/packages/65/03/9780355205c3b3f55e9ce700e52846b40d0bab99c078e102c0d7e2f3e022/zope_interface-8.0.1-cp39-cp39-manylinux1_i686.manylinux2014_i686.manylinux_2_17_i686.manylinux_2_5_i686.whl", hash = "sha256:110c73ddf974b369ef3c6e7b0d87d44673cf4914eba3fe8a33bfb21c6c606ad8", size = 248605, upload-time = "2025-09-25T05:58:25.586Z" },
    { url = "https://files.pythonhosted.org/packages/44/09/b10eda92f1373cd8e4e9dd376559414d1759a8b54e98eeef0d81844f0638/zope_interface-8.0.1-cp39-cp39-manylinux1_x86_64.manylinux2014_x86_64.manylinux_2_17_x86_64.manylinux_2_5_x86_64.whl", hash = "sha256:9e9bdca901c1bcc34e438001718512c65b3b8924aabcd732b6e7a7f0cd715f17", size = 253793, upload-time = "2025-09-25T05:58:16.92Z" },
    { url = "https://files.pythonhosted.org/packages/62/37/3529065a2b6b7dc8f287ff3c8d1e8b7d8c4681c069e520bd3c4ac995a95c/zope_interface-8.0.1-cp39-cp39-manylinux2014_aarch64.manylinux_2_17_aarch64.whl", hash = "sha256:bbd22d4801ad3e8ec704ba9e3e6a4ac2e875e4d77e363051ccb76153d24c5519", size = 254263, upload-time = "2025-09-25T06:26:29.371Z" },
    { url = "https://files.pythonhosted.org/packages/c3/31/42588bea7ddad3abd2d4987ec3b767bd09394cc091a4918b1cf7b9de07ae/zope_interface-8.0.1-cp39-cp39-win_amd64.whl", hash = "sha256:a0016ca85f93b938824e2f9a43534446e95134a2945b084944786e1ace2020bc", size = 211780, upload-time = "2025-09-25T05:59:50.015Z" },
]
